# Dependencies Lock File
# Auto-generated - do not edit manually
# Updated: 2026-02-19 10:41:52

express@4.27.1
  resolved: https://registry.npm/express/-/express-4.27.1.tgz
  integrity: sha512-mSjbswjCgeAlbV10HcSK

lodash@4.17.25
  resolved: https://registry.npm/lodash/-/lodash-4.17.25.tgz

pg@8.11.1
  resolved: https://registry.npm/pg/-/pg-8.11.1.tgz

redis@4.7.1
  resolved: https://registry.npm/redis/-/redis-4.7.1.tgz
