# Dependencies Lock File
# Auto-generated - do not edit manually
# Updated: 2026-02-19 10:46:05

express@4.27.4
  resolved: https://registry.npm/express/-/express-4.27.4.tgz
  integrity: sha512-XB2J57zTPF1PH8i2KMUJ

lodash@4.17.25
  resolved: https://registry.npm/lodash/-/lodash-4.17.25.tgz

pg@8.11.1
  resolved: https://registry.npm/pg/-/pg-8.11.1.tgz

redis@4.6.0
  resolved: https://registry.npm/redis/-/redis-4.6.0.tgz
